github.com/LeakIX/hugo-leakix-dark v0.0.0-20250927003711-020901810387 h1:HDELadRQoZuvpxYObr9b0aO0eO8TrcwIAxWDOIt6oMQ=
github.com/LeakIX/hugo-leakix-dark v0.0.0-20250927003711-020901810387/go.mod h1:jScVu+Q1IeZ3YyYsx1waeiZbDsPIjMKOaxL42/F+qXE=
github.com/LeakIX/hugo-leakix-dark v0.0.0-20251006200901-aa7d7fde22e1 h1:Nrea12/xVkPlD/PAALyfgPuORacS8yCLD2poqUs2aWA=
github.com/LeakIX/hugo-leakix-dark v0.0.0-20251006200901-aa7d7fde22e1/go.mod h1:4H8/4xhI4l82De72fFBI6efog6PaLhtfzwIlpmO2cyg=
