github.com/LeakIX/hugo-leakix-dark v0.0.0-20250927003711-020901810387 h1:HDELadRQoZuvpxYObr9b0aO0eO8TrcwIAxWDOIt6oMQ=
github.com/LeakIX/hugo-leakix-dark v0.0.0-20250927003711-020901810387/go.mod h1:jScVu+Q1IeZ3YyYsx1waeiZbDsPIjMKOaxL42/F+qXE=
github.com/LeakIX/hugo-leakix-dark v0.0.0-20251006200901-aa7d7fde22e1 h1:Nrea12/xVkPlD/PAALyfgPuORacS8yCLD2poqUs2aWA=
github.com/LeakIX/hugo-leakix-dark v0.0.0-20251006200901-aa7d7fde22e1/go.mod h1:4H8/4xhI4l82De72fFBI6efog6PaLhtfzwIlpmO2cyg=
github.com/LeakIX/hugo-leakix-dark v0.0.0-20251006205816-5eb82044a59b h1:Y/gWR6ozA2z/LnHtM8sujeeQ5VSd/Jsb1AwW+hXVLGg=
github.com/LeakIX/hugo-leakix-dark v0.0.0-20251006205816-5eb82044a59b/go.mod h1:4H8/4xhI4l82De72fFBI6efog6PaLhtfzwIlpmO2cyg=
github.com/LeakIX/hugo-leakix-dark v0.0.0-20251104035312-bacc8a081b76 h1:pv+TVuOFX1yO11DkeehA5pJAhb2LFdOLQCR56vM61Ec=
github.com/LeakIX/hugo-leakix-dark v0.0.0-20251104035312-bacc8a081b76/go.mod h1:4H8/4xhI4l82De72fFBI6efog6PaLhtfzwIlpmO2cyg=
github.com/LeakIX/hugo-leakix-dark v0.0.0-20251114152056-1be5c9621d68 h1:/yEY/+hPcTpPJqk6TL8M02pKsjTVa0vileD2Eaj53mU=
github.com/LeakIX/hugo-leakix-dark v0.0.0-20251114152056-1be5c9621d68/go.mod h1:4H8/4xhI4l82De72fFBI6efog6PaLhtfzwIlpmO2cyg=
github.com/LeakIX/hugo-leakix-dark v0.0.0-20251212185603-76ed444b0e6a h1:VAR/LYn4ud2Gz5OFz2W/TdPlzkmQgX1vbPGQrpMDj3U=
github.com/LeakIX/hugo-leakix-dark v0.0.0-20251212185603-76ed444b0e6a/go.mod h1:4H8/4xhI4l82De72fFBI6efog6PaLhtfzwIlpmO2cyg=
